
Microsoft Visual Studio Solution File, Format Version 12.00
# Visual Studio Version 17
VisualStudioVersion = 17.9.34701.34
MinimumVisualStudioVersion = 10.0.40219.1
Project("{FAE04EC0-301F-11D3-BF4B-00C04F79EFBC}") = "KeypadTracer", "KeypadTracer\KeypadTracer.csproj", "{29992E20-FECE-403C-BF41-4544D875FA4A}"
EndProject
Project("{FAE04EC0-301F-11D3-BF4B-00C04F79EFBC}") = "KeypadTracer.Tests", "KeypadTracer.Tests\KeypadTracer.Tests.csproj", "{544B2F45-268A-4BC8-AED9-21C0D60DD5C4}"
EndProject
Global
	GlobalSection(SolutionConfigurationPlatforms) = preSolution
		Debug|Any CPU = Debug|Any CPU
		Release|Any CPU = Release|Any CPU
	EndGlobalSection
	GlobalSection(ProjectConfigurationPlatforms) = postSolution
		{29992E20-FECE-403C-BF41-4544D875FA4A}.Debug|Any CPU.ActiveCfg = Debug|Any CPU
		{29992E20-FECE-403C-BF41-4544D875FA4A}.Debug|Any CPU.Build.0 = Debug|Any CPU
		{29992E20-FECE-403C-BF41-4544D875FA4A}.Release|Any CPU.ActiveCfg = Release|Any CPU
		{29992E20-FECE-403C-BF41-4544D875FA4A}.Release|Any CPU.Build.0 = Release|Any CPU
		{544B2F45-268A-4BC8-AED9-21C0D60DD5C4}.Debug|Any CPU.ActiveCfg = Debug|Any CPU
		{544B2F45-268A-4BC8-AED9-21C0D60DD5C4}.Debug|Any CPU.Build.0 = Debug|Any CPU
		{544B2F45-268A-4BC8-AED9-21C0D60DD5C4}.Release|Any CPU.ActiveCfg = Release|Any CPU
		{544B2F45-268A-4BC8-AED9-21C0D60DD5C4}.Release|Any CPU.Build.0 = Release|Any CPU
	EndGlobalSection
	GlobalSection(SolutionProperties) = preSolution
		HideSolutionNode = FALSE
	EndGlobalSection
	GlobalSection(ExtensibilityGlobals) = postSolution
		SolutionGuid = {33E96FCF-7EF1-4462-97B7-50DD5DF544B6}
	EndGlobalSection
EndGlobal
